
Microsoft Visual Studio Solution File, Format Version 12.00
# Visual Studio for Mac
Project("{FAE04EC0-301F-11D3-BF4B-00C04F79EFBC}") = "ZeroBraneStudio_Unity", "ZeroBraneStudio_Unity.csproj", "{9EBCDAE0-7644-A514-3BDE-9D90A4532530}"
EndProject
Project("{FAE04EC0-301F-11D3-BF4B-00C04F79EFBC}") = "ZeroBraneStudio_Unity.Editor", "ZeroBraneStudio_Unity.Editor.csproj", "{4CE108BD-5BDA-39B3-CA18-8E1086B701E4}"
EndProject
Global
	GlobalSection(SolutionConfigurationPlatforms) = preSolution
		Debug|Any CPU = Debug|Any CPU
		Release|Any CPU = Release|Any CPU
	EndGlobalSection
	GlobalSection(ProjectConfigurationPlatforms) = postSolution
		{9EBCDAE0-7644-A514-3BDE-9D90A4532530}.Debug|Any CPU.ActiveCfg = Debug|Any CPU
		{9EBCDAE0-7644-A514-3BDE-9D90A4532530}.Debug|Any CPU.Build.0 = Debug|Any CPU
		{9EBCDAE0-7644-A514-3BDE-9D90A4532530}.Release|Any CPU.ActiveCfg = Release|Any CPU
		{9EBCDAE0-7644-A514-3BDE-9D90A4532530}.Release|Any CPU.Build.0 = Release|Any CPU
		{4CE108BD-5BDA-39B3-CA18-8E1086B701E4}.Debug|Any CPU.ActiveCfg = Debug|Any CPU
		{4CE108BD-5BDA-39B3-CA18-8E1086B701E4}.Debug|Any CPU.Build.0 = Debug|Any CPU
		{4CE108BD-5BDA-39B3-CA18-8E1086B701E4}.Release|Any CPU.ActiveCfg = Release|Any CPU
		{4CE108BD-5BDA-39B3-CA18-8E1086B701E4}.Release|Any CPU.Build.0 = Release|Any CPU
	EndGlobalSection
	GlobalSection(SolutionProperties) = preSolution
		HideSolutionNode = FALSE
	EndGlobalSection
EndGlobal
